
Microsoft Visual Studio Solution File, Format Version 12.00
# Visual Studio 14
VisualStudioVersion = 14.0.23107.0
MinimumVisualStudioVersion = 10.0.40219.1
Project("{FAE04EC0-301F-11D3-BF4B-00C04F79EFBC}") = "Models", "Models\Models.csproj", "{457DA736-7BAB-4235-AB1E-B1B238AE518F}"
EndProject
Project("{FAE04EC0-301F-11D3-BF4B-00C04F79EFBC}") = "Converter", "Converter\Converter.csproj", "{CAE298A0-1A60-46C6-9D5A-2992EF7FA704}"
EndProject
Project("{FAE04EC0-301F-11D3-BF4B-00C04F79EFBC}") = "DAL", "DAL\DAL.csproj", "{0959E371-4530-4AD0-B6F4-AB1200F11AAA}"
EndProject
Project("{FAE04EC0-301F-11D3-BF4B-00C04F79EFBC}") = "WebUI", "WebUI\WebUI.csproj", "{175664E0-BCC0-4574-89CF-3FA6265E8508}"
EndProject
Project("{FAE04EC0-301F-11D3-BF4B-00C04F79EFBC}") = "Services", "Services\Services.csproj", "{90055E3D-9F6C-4623-B5DC-393059B2347A}"
EndProject
Global
	GlobalSection(SolutionConfigurationPlatforms) = preSolution
		Debug|Any CPU = Debug|Any CPU
		Release|Any CPU = Release|Any CPU
	EndGlobalSection
	GlobalSection(ProjectConfigurationPlatforms) = postSolution
		{457DA736-7BAB-4235-AB1E-B1B238AE518F}.Debug|Any CPU.ActiveCfg = Debug|Any CPU
		{457DA736-7BAB-4235-AB1E-B1B238AE518F}.Debug|Any CPU.Build.0 = Debug|Any CPU
		{457DA736-7BAB-4235-AB1E-B1B238AE518F}.Release|Any CPU.ActiveCfg = Release|Any CPU
		{457DA736-7BAB-4235-AB1E-B1B238AE518F}.Release|Any CPU.Build.0 = Release|Any CPU
		{CAE298A0-1A60-46C6-9D5A-2992EF7FA704}.Debug|Any CPU.ActiveCfg = Debug|Any CPU
		{CAE298A0-1A60-46C6-9D5A-2992EF7FA704}.Debug|Any CPU.Build.0 = Debug|Any CPU
		{CAE298A0-1A60-46C6-9D5A-2992EF7FA704}.Release|Any CPU.ActiveCfg = Release|Any CPU
		{CAE298A0-1A60-46C6-9D5A-2992EF7FA704}.Release|Any CPU.Build.0 = Release|Any CPU
		{0959E371-4530-4AD0-B6F4-AB1200F11AAA}.Debug|Any CPU.ActiveCfg = Debug|Any CPU
		{0959E371-4530-4AD0-B6F4-AB1200F11AAA}.Debug|Any CPU.Build.0 = Debug|Any CPU
		{0959E371-4530-4AD0-B6F4-AB1200F11AAA}.Release|Any CPU.ActiveCfg = Release|Any CPU
		{0959E371-4530-4AD0-B6F4-AB1200F11AAA}.Release|Any CPU.Build.0 = Release|Any CPU
		{175664E0-BCC0-4574-89CF-3FA6265E8508}.Debug|Any CPU.ActiveCfg = Debug|Any CPU
		{175664E0-BCC0-4574-89CF-3FA6265E8508}.Debug|Any CPU.Build.0 = Debug|Any CPU
		{175664E0-BCC0-4574-89CF-3FA6265E8508}.Release|Any CPU.ActiveCfg = Release|Any CPU
		{175664E0-BCC0-4574-89CF-3FA6265E8508}.Release|Any CPU.Build.0 = Release|Any CPU
		{90055E3D-9F6C-4623-B5DC-393059B2347A}.Debug|Any CPU.ActiveCfg = Debug|Any CPU
		{90055E3D-9F6C-4623-B5DC-393059B2347A}.Debug|Any CPU.Build.0 = Debug|Any CPU
		{90055E3D-9F6C-4623-B5DC-393059B2347A}.Release|Any CPU.ActiveCfg = Release|Any CPU
		{90055E3D-9F6C-4623-B5DC-393059B2347A}.Release|Any CPU.Build.0 = Release|Any CPU
	EndGlobalSection
	GlobalSection(SolutionProperties) = preSolution
		HideSolutionNode = FALSE
	EndGlobalSection
EndGlobal
